// !$*UTF8*$!
{
	archiveVersion = 1;
	classes = {
	};
	objectVersion = 56;
	objects = {

/* Begin PBXBuildFile section */
		BE315BEE2B6CBF5700D5A899 /* tallImageContent.swift in Sources */ = {isa = PBXBuildFile; fileRef = BE315BED2B6CBF5700D5A899 /* tallImageContent.swift */; };
		BEC432702B6C181100696D7C /* facebookAppApp.swift in Sources */ = {isa = PBXBuildFile; fileRef = BEC4326F2B6C181100696D7C /* facebookAppApp.swift */; };
		BEC432742B6C181300696D7C /* Assets.xcassets in Resources */ = {isa = PBXBuildFile; fileRef = BEC432732B6C181300696D7C /* Assets.xcassets */; };
		BEC432772B6C181300696D7C /* Preview Assets.xcassets in Resources */ = {isa = PBXBuildFile; fileRef = BEC432762B6C181300696D7C /* Preview Assets.xcassets */; };
		BEC432802B6C186200696D7C /* homePage.swift in Sources */ = {isa = PBXBuildFile; fileRef = BEC4327F2B6C186200696D7C /* homePage.swift */; };
		BEC432822B6C1CEE00696D7C /* header.swift in Sources */ = {isa = PBXBuildFile; fileRef = BEC432812B6C1CEE00696D7C /* header.swift */; };
		BEC432842B6C232900696D7C /* onePixelLine.swift in Sources */ = {isa = PBXBuildFile; fileRef = BEC432832B6C232900696D7C /* onePixelLine.swift */; };
		BEC432862B6C243700696D7C /* tenPixelLine.swift in Sources */ = {isa = PBXBuildFile; fileRef = BEC432852B6C243700696D7C /* tenPixelLine.swift */; };
		BEC432882B6C250000696D7C /* room.swift in Sources */ = {isa = PBXBuildFile; fileRef = BEC432872B6C250000696D7C /* room.swift */; };
		BEC4328A2B6C286800696D7C /* itemStory.swift in Sources */ = {isa = PBXBuildFile; fileRef = BEC432892B6C286800696D7C /* itemStory.swift */; };
		BEC4328E2B6C2F5100696D7C /* createRoom.swift in Sources */ = {isa = PBXBuildFile; fileRef = BEC4328D2B6C2F5100696D7C /* createRoom.swift */; };
		BEC432902B6C2F9D00696D7C /* createStory.swift in Sources */ = {isa = PBXBuildFile; fileRef = BEC4328F2B6C2F9D00696D7C /* createStory.swift */; };
		BEC432922B6C33C500696D7C /* shortItemStory.swift in Sources */ = {isa = PBXBuildFile; fileRef = BEC432912B6C33C500696D7C /* shortItemStory.swift */; };
		BEC432942B6C3E6800696D7C /* itemContent.swift in Sources */ = {isa = PBXBuildFile; fileRef = BEC432932B6C3E6800696D7C /* itemContent.swift */; };
		BEC432962B6C475A00696D7C /* twoImageContent.swift in Sources */ = {isa = PBXBuildFile; fileRef = BEC432952B6C475A00696D7C /* twoImageContent.swift */; };
		BEC432982B6C4A5800696D7C /* oneImageContent.swift in Sources */ = {isa = PBXBuildFile; fileRef = BEC432972B6C4A5800696D7C /* oneImageContent.swift */; };
/* End PBXBuildFile section */

/* Begin PBXFileReference section */
		BE315BED2B6CBF5700D5A899 /* tallImageContent.swift */ = {isa = PBXFileReference; lastKnownFileType = sourcecode.swift; path = tallImageContent.swift; sourceTree = "<group>"; };
		BEC4326C2B6C181100696D7C /* facebookApp.app */ = {isa = PBXFileReference; explicitFileType = wrapper.application; includeInIndex = 0; path = facebookApp.app; sourceTree = BUILT_PRODUCTS_DIR; };
		BEC4326F2B6C181100696D7C /* facebookAppApp.swift */ = {isa = PBXFileReference; lastKnownFileType = sourcecode.swift; path = facebookAppApp.swift; sourceTree = "<group>"; };
		BEC432732B6C181300696D7C /* Assets.xcassets */ = {isa = PBXFileReference; lastKnownFileType = folder.assetcatalog; path = Assets.xcassets; sourceTree = "<group>"; };
		BEC432762B6C181300696D7C /* Preview Assets.xcassets */ = {isa = PBXFileReference; lastKnownFileType = folder.assetcatalog; path = "Preview Assets.xcassets"; sourceTree = "<group>"; };
		BEC4327F2B6C186200696D7C /* homePage.swift */ = {isa = PBXFileReference; lastKnownFileType = sourcecode.swift; path = homePage.swift; sourceTree = "<group>"; };
		BEC432812B6C1CEE00696D7C /* header.swift */ = {isa = PBXFileReference; lastKnownFileType = sourcecode.swift; path = header.swift; sourceTree = "<group>"; };
		BEC432832B6C232900696D7C /* onePixelLine.swift */ = {isa = PBXFileReference; lastKnownFileType = sourcecode.swift; path = onePixelLine.swift; sourceTree = "<group>"; };
		BEC432852B6C243700696D7C /* tenPixelLine.swift */ = {isa = PBXFileReference; lastKnownFileType = sourcecode.swift; path = tenPixelLine.swift; sourceTree = "<group>"; };
		BEC432872B6C250000696D7C /* room.swift */ = {isa = PBXFileReference; lastKnownFileType = sourcecode.swift; path = room.swift; sourceTree = "<group>"; };
		BEC432892B6C286800696D7C /* itemStory.swift */ = {isa = PBXFileReference; lastKnownFileType = sourcecode.swift; path = itemStory.swift; sourceTree = "<group>"; };
		BEC4328D2B6C2F5100696D7C /* createRoom.swift */ = {isa = PBXFileReference; lastKnownFileType = sourcecode.swift; path = createRoom.swift; sourceTree = "<group>"; };
		BEC4328F2B6C2F9D00696D7C /* createStory.swift */ = {isa = PBXFileReference; lastKnownFileType = sourcecode.swift; path = createStory.swift; sourceTree = "<group>"; };
		BEC432912B6C33C500696D7C /* shortItemStory.swift */ = {isa = PBXFileReference; lastKnownFileType = sourcecode.swift; path = shortItemStory.swift; sourceTree = "<group>"; };
		BEC432932B6C3E6800696D7C /* itemContent.swift */ = {isa = PBXFileReference; lastKnownFileType = sourcecode.swift; path = itemContent.swift; sourceTree = "<group>"; };
		BEC432952B6C475A00696D7C /* twoImageContent.swift */ = {isa = PBXFileReference; lastKnownFileType = sourcecode.swift; path = twoImageContent.swift; sourceTree = "<group>"; };
		BEC432972B6C4A5800696D7C /* oneImageContent.swift */ = {isa = PBXFileReference; lastKnownFileType = sourcecode.swift; path = oneImageContent.swift; sourceTree = "<group>"; };
/* End PBXFileReference section */

/* Begin PBXFrameworksBuildPhase section */
		BEC432692B6C181100696D7C /* Frameworks */ = {
			isa = PBXFrameworksBuildPhase;
			buildActionMask = 2147483647;
			files = (
			);
			runOnlyForDeploymentPostprocessing = 0;
		};
/* End PBXFrameworksBuildPhase section */

/* Begin PBXGroup section */
		BEC432632B6C181100696D7C = {
			isa = PBXGroup;
			children = (
				BEC4326E2B6C181100696D7C /* facebookApp */,
				BEC4326D2B6C181100696D7C /* Products */,
			);
			sourceTree = "<group>";
		};
		BEC4326D2B6C181100696D7C /* Products */ = {
			isa = PBXGroup;
			children = (
				BEC4326C2B6C181100696D7C /* facebookApp.app */,
			);
			name = Products;
			sourceTree = "<group>";
		};
		BEC4326E2B6C181100696D7C /* facebookApp */ = {
			isa = PBXGroup;
			children = (
				BEC4327E2B6C183600696D7C /* Cells */,
				BEC4327D2B6C181E00696D7C /* Screens */,
				BEC4326F2B6C181100696D7C /* facebookAppApp.swift */,
				BEC432732B6C181300696D7C /* Assets.xcassets */,
				BEC432752B6C181300696D7C /* Preview Content */,
			);
			path = facebookApp;
			sourceTree = "<group>";
		};
		BEC432752B6C181300696D7C /* Preview Content */ = {
			isa = PBXGroup;
			children = (
				BEC432762B6C181300696D7C /* Preview Assets.xcassets */,
			);
			path = "Preview Content";
			sourceTree = "<group>";
		};
		BEC4327D2B6C181E00696D7C /* Screens */ = {
			isa = PBXGroup;
			children = (
				BEC4327F2B6C186200696D7C /* homePage.swift */,
			);
			path = Screens;
			sourceTree = "<group>";
		};
		BEC4327E2B6C183600696D7C /* Cells */ = {
			isa = PBXGroup;
			children = (
				BEC432812B6C1CEE00696D7C /* header.swift */,
				BEC432832B6C232900696D7C /* onePixelLine.swift */,
				BEC432852B6C243700696D7C /* tenPixelLine.swift */,
				BEC432872B6C250000696D7C /* room.swift */,
				BEC432892B6C286800696D7C /* itemStory.swift */,
				BEC4328D2B6C2F5100696D7C /* createRoom.swift */,
				BEC4328F2B6C2F9D00696D7C /* createStory.swift */,
				BEC432912B6C33C500696D7C /* shortItemStory.swift */,
				BEC432932B6C3E6800696D7C /* itemContent.swift */,
				BEC432952B6C475A00696D7C /* twoImageContent.swift */,
				BEC432972B6C4A5800696D7C /* oneImageContent.swift */,
				BE315BED2B6CBF5700D5A899 /* tallImageContent.swift */,
			);
			path = Cells;
			sourceTree = "<group>";
		};
/* End PBXGroup section */

/* Begin PBXNativeTarget section */
		BEC4326B2B6C181100696D7C /* facebookApp */ = {
			isa = PBXNativeTarget;
			buildConfigurationList = BEC4327A2B6C181300696D7C /* Build configuration list for PBXNativeTarget "facebookApp" */;
			buildPhases = (
				BEC432682B6C181100696D7C /* Sources */,
				BEC432692B6C181100696D7C /* Frameworks */,
				BEC4326A2B6C181100696D7C /* Resources */,
			);
			buildRules = (
			);
			dependencies = (
			);
			name = facebookApp;
			productName = facebookApp;
			productReference = BEC4326C2B6C181100696D7C /* facebookApp.app */;
			productType = "com.apple.product-type.application";
		};
/* End PBXNativeTarget section */

/* Begin PBXProject section */
		BEC432642B6C181100696D7C /* Project object */ = {
			isa = PBXProject;
			attributes = {
				BuildIndependentTargetsInParallel = 1;
				LastSwiftUpdateCheck = 1520;
				LastUpgradeCheck = 1520;
				TargetAttributes = {
					BEC4326B2B6C181100696D7C = {
						CreatedOnToolsVersion = 15.2;
					};
				};
			};
			buildConfigurationList = BEC432672B6C181100696D7C /* Build configuration list for PBXProject "facebookApp" */;
			compatibilityVersion = "Xcode 14.0";
			developmentRegion = en;
			hasScannedForEncodings = 0;
			knownRegions = (
				en,
				Base,
			);
			mainGroup = BEC432632B6C181100696D7C;
			productRefGroup = BEC4326D2B6C181100696D7C /* Products */;
			projectDirPath = "";
			projectRoot = "";
			targets = (
				BEC4326B2B6C181100696D7C /* facebookApp */,
			);
		};
/* End PBXProject section */

/* Begin PBXResourcesBuildPhase section */
		BEC4326A2B6C181100696D7C /* Resources */ = {
			isa = PBXResourcesBuildPhase;
			buildActionMask = 2147483647;
			files = (
				BEC432772B6C181300696D7C /* Preview Assets.xcassets in Resources */,
				BEC432742B6C181300696D7C /* Assets.xcassets in Resources */,
			);
			runOnlyForDeploymentPostprocessing = 0;
		};
/* End PBXResourcesBuildPhase section */

/* Begin PBXSourcesBuildPhase section */
		BEC432682B6C181100696D7C /* Sources */ = {
			isa = PBXSourcesBuildPhase;
			buildActionMask = 2147483647;
			files = (
				BEC432962B6C475A00696D7C /* twoImageContent.swift in Sources */,
				BEC4328E2B6C2F5100696D7C /* createRoom.swift in Sources */,
				BEC432802B6C186200696D7C /* homePage.swift in Sources */,
				BEC432902B6C2F9D00696D7C /* createStory.swift in Sources */,
				BEC432842B6C232900696D7C /* onePixelLine.swift in Sources */,
				BEC432702B6C181100696D7C /* facebookAppApp.swift in Sources */,
				BEC4328A2B6C286800696D7C /* itemStory.swift in Sources */,
				BEC432942B6C3E6800696D7C /* itemContent.swift in Sources */,
				BE315BEE2B6CBF5700D5A899 /* tallImageContent.swift in Sources */,
				BEC432862B6C243700696D7C /* tenPixelLine.swift in Sources */,
				BEC432922B6C33C500696D7C /* shortItemStory.swift in Sources */,
				BEC432882B6C250000696D7C /* room.swift in Sources */,
				BEC432982B6C4A5800696D7C /* oneImageContent.swift in Sources */,
				BEC432822B6C1CEE00696D7C /* header.swift in Sources */,
			);
			runOnlyForDeploymentPostprocessing = 0;
		};
/* End PBXSourcesBuildPhase section */

/* Begin XCBuildConfiguration section */
		BEC432782B6C181300696D7C /* Debug */ = {
			isa = XCBuildConfiguration;
			buildSettings = {
				ALWAYS_SEARCH_USER_PATHS = NO;
				ASSETCATALOG_COMPILER_GENERATE_SWIFT_ASSET_SYMBOL_EXTENSIONS = YES;
				CLANG_ANALYZER_NONNULL = YES;
				CLANG_ANALYZER_NUMBER_OBJECT_CONVERSION = YES_AGGRESSIVE;
				CLANG_CXX_LANGUAGE_STANDARD = "gnu++20";
				CLANG_ENABLE_MODULES = YES;
				CLANG_ENABLE_OBJC_ARC = YES;
				CLANG_ENABLE_OBJC_WEAK = YES;
				CLANG_WARN_BLOCK_CAPTURE_AUTORELEASING = YES;
				CLANG_WARN_BOOL_CONVERSION = YES;
				CLANG_WARN_COMMA = YES;
				CLANG_WARN_CONSTANT_CONVERSION = YES;
				CLANG_WARN_DEPRECATED_OBJC_IMPLEMENTATIONS = YES;
				CLANG_WARN_DIRECT_OBJC_ISA_USAGE = YES_ERROR;
				CLANG_WARN_DOCUMENTATION_COMMENTS = YES;
				CLANG_WARN_EMPTY_BODY = YES;
				CLANG_WARN_ENUM_CONVERSION = YES;
				CLANG_WARN_INFINITE_RECURSION = YES;
				CLANG_WARN_INT_CONVERSION = YES;
				CLANG_WARN_NON_LITERAL_NULL_CONVERSION = YES;
				CLANG_WARN_OBJC_IMPLICIT_RETAIN_SELF = YES;
				CLANG_WARN_OBJC_LITERAL_CONVERSION = YES;
				CLANG_WARN_OBJC_ROOT_CLASS = YES_ERROR;
				CLANG_WARN_QUOTED_INCLUDE_IN_FRAMEWORK_HEADER = YES;
				CLANG_WARN_RANGE_LOOP_ANALYSIS = YES;
				CLANG_WARN_STRICT_PROTOTYPES = YES;
				CLANG_WARN_SUSPICIOUS_MOVE = YES;
				CLANG_WARN_UNGUARDED_AVAILABILITY = YES_AGGRESSIVE;
				CLANG_WARN_UNREACHABLE_CODE = YES;
				CLANG_WARN__DUPLICATE_METHOD_MATCH = YES;
				COPY_PHASE_STRIP = NO;
				DEBUG_INFORMATION_FORMAT = dwarf;
				ENABLE_STRICT_OBJC_MSGSEND = YES;
				ENABLE_TESTABILITY = YES;
				ENABLE_USER_SCRIPT_SANDBOXING = YES;
				GCC_C_LANGUAGE_STANDARD = gnu17;
				GCC_DYNAMIC_NO_PIC = NO;
				GCC_NO_COMMON_BLOCKS = YES;
				GCC_OPTIMIZATION_LEVEL = 0;
				GCC_PREPROCESSOR_DEFINITIONS = (
					"DEBUG=1",
					"$(inherited)",
				);
				GCC_WARN_64_TO_32_BIT_CONVERSION = YES;
				GCC_WARN_ABOUT_RETURN_TYPE = YES_ERROR;
				GCC_WARN_UNDECLARED_SELECTOR = YES;
				GCC_WARN_UNINITIALIZED_AUTOS = YES_AGGRESSIVE;
				GCC_WARN_UNUSED_FUNCTION = YES;
				GCC_WARN_UNUSED_VARIABLE = YES;
				IPHONEOS_DEPLOYMENT_TARGET = 17.2;
				LOCALIZATION_PREFERS_STRING_CATALOGS = YES;
				MTL_ENABLE_DEBUG_INFO = INCLUDE_SOURCE;
				MTL_FAST_MATH = YES;
				ONLY_ACTIVE_ARCH = YES;
				SDKROOT = iphoneos;
				SWIFT_ACTIVE_COMPILATION_CONDITIONS = "DEBUG $(inherited)";
				SWIFT_OPTIMIZATION_LEVEL = "-Onone";
			};
			name = Debug;
		};
		BEC432792B6C181300696D7C /* Release */ = {
			isa = XCBuildConfiguration;
			buildSettings = {
				ALWAYS_SEARCH_USER_PATHS = NO;
				ASSETCATALOG_COMPILER_GENERATE_SWIFT_ASSET_SYMBOL_EXTENSIONS = YES;
				CLANG_ANALYZER_NONNULL = YES;
				CLANG_ANALYZER_NUMBER_OBJECT_CONVERSION = YES_AGGRESSIVE;
				CLANG_CXX_LANGUAGE_STANDARD = "gnu++20";
				CLANG_ENABLE_MODULES = YES;
				CLANG_ENABLE_OBJC_ARC = YES;
				CLANG_ENABLE_OBJC_WEAK = YES;
				CLANG_WARN_BLOCK_CAPTURE_AUTORELEASING = YES;
				CLANG_WARN_BOOL_CONVERSION = YES;
				CLANG_WARN_COMMA = YES;
				CLANG_WARN_CONSTANT_CONVERSION = YES;
				CLANG_WARN_DEPRECATED_OBJC_IMPLEMENTATIONS = YES;
				CLANG_WARN_DIRECT_OBJC_ISA_USAGE = YES_ERROR;
				CLANG_WARN_DOCUMENTATION_COMMENTS = YES;
				CLANG_WARN_EMPTY_BODY = YES;
				CLANG_WARN_ENUM_CONVERSION = YES;
				CLANG_WARN_INFINITE_RECURSION = YES;
				CLANG_WARN_INT_CONVERSION = YES;
				CLANG_WARN_NON_LITERAL_NULL_CONVERSION = YES;
				CLANG_WARN_OBJC_IMPLICIT_RETAIN_SELF = YES;
				CLANG_WARN_OBJC_LITERAL_CONVERSION = YES;
				CLANG_WARN_OBJC_ROOT_CLASS = YES_ERROR;
				CLANG_WARN_QUOTED_INCLUDE_IN_FRAMEWORK_HEADER = YES;
				CLANG_WARN_RANGE_LOOP_ANALYSIS = YES;
				CLANG_WARN_STRICT_PROTOTYPES = YES;
				CLANG_WARN_SUSPICIOUS_MOVE = YES;
				CLANG_WARN_UNGUARDED_AVAILABILITY = YES_AGGRESSIVE;
				CLANG_WARN_UNREACHABLE_CODE = YES;
				CLANG_WARN__DUPLICATE_METHOD_MATCH = YES;
				COPY_PHASE_STRIP = NO;
				DEBUG_INFORMATION_FORMAT = "dwarf-with-dsym";
				ENABLE_NS_ASSERTIONS = NO;
				ENABLE_STRICT_OBJC_MSGSEND = YES;
				ENABLE_USER_SCRIPT_SANDBOXING = YES;
				GCC_C_LANGUAGE_STANDARD = gnu17;
				GCC_NO_COMMON_BLOCKS = YES;
				GCC_WARN_64_TO_32_BIT_CONVERSION = YES;
				GCC_WARN_ABOUT_RETURN_TYPE = YES_ERROR;
				GCC_WARN_UNDECLARED_SELECTOR = YES;
				GCC_WARN_UNINITIALIZED_AUTOS = YES_AGGRESSIVE;
				GCC_WARN_UNUSED_FUNCTION = YES;
				GCC_WARN_UNUSED_VARIABLE = YES;
				IPHONEOS_DEPLOYMENT_TARGET = 17.2;
				LOCALIZATION_PREFERS_STRING_CATALOGS = YES;
				MTL_ENABLE_DEBUG_INFO = NO;
				MTL_FAST_MATH = YES;
				SDKROOT = iphoneos;
				SWIFT_COMPILATION_MODE = wholemodule;
				VALIDATE_PRODUCT = YES;
			};
			name = Release;
		};
		BEC4327B2B6C181300696D7C /* Debug */ = {
			isa = XCBuildConfiguration;
			buildSettings = {
				ASSETCATALOG_COMPILER_APPICON_NAME = AppIcon;
				ASSETCATALOG_COMPILER_GLOBAL_ACCENT_COLOR_NAME = AccentColor;
				CODE_SIGN_STYLE = Automatic;
				CURRENT_PROJECT_VERSION = 1;
				DEVELOPMENT_ASSET_PATHS = "\"facebookApp/Preview Content\"";
				ENABLE_PREVIEWS = YES;
				GENERATE_INFOPLIST_FILE = YES;
				INFOPLIST_KEY_UIApplicationSceneManifest_Generation = YES;
				INFOPLIST_KEY_UIApplicationSupportsIndirectInputEvents = YES;
				INFOPLIST_KEY_UILaunchScreen_Generation = YES;
				INFOPLIST_KEY_UISupportedInterfaceOrientations_iPad = "UIInterfaceOrientationPortrait UIInterfaceOrientationPortraitUpsideDown UIInterfaceOrientationLandscapeLeft UIInterfaceOrientationLandscapeRight";
				INFOPLIST_KEY_UISupportedInterfaceOrientations_iPhone = "UIInterfaceOrientationPortrait UIInterfaceOrientationLandscapeLeft UIInterfaceOrientationLandscapeRight";
				LD_RUNPATH_SEARCH_PATHS = (
					"$(inherited)",
					"@executable_path/Frameworks",
				);
				MARKETING_VERSION = 1.0;
				PRODUCT_BUNDLE_IDENTIFIER = max.facebookApp;
				PRODUCT_NAME = "$(TARGET_NAME)";
				SWIFT_EMIT_LOC_STRINGS = YES;
				SWIFT_VERSION = 5.0;
				TARGETED_DEVICE_FAMILY = "1,2";
			};
			name = Debug;
		};
		BEC4327C2B6C181300696D7C /* Release */ = {
			isa = XCBuildConfiguration;
			buildSettings = {
				ASSETCATALOG_COMPILER_APPICON_NAME = AppIcon;
				ASSETCATALOG_COMPILER_GLOBAL_ACCENT_COLOR_NAME = AccentColor;
				CODE_SIGN_STYLE = Automatic;
				CURRENT_PROJECT_VERSION = 1;
				DEVELOPMENT_ASSET_PATHS = "\"facebookApp/Preview Content\"";
				ENABLE_PREVIEWS = YES;
				GENERATE_INFOPLIST_FILE = YES;
				INFOPLIST_KEY_UIApplicationSceneManifest_Generation = YES;
				INFOPLIST_KEY_UIApplicationSupportsIndirectInputEvents = YES;
				INFOPLIST_KEY_UILaunchScreen_Generation = YES;
				INFOPLIST_KEY_UISupportedInterfaceOrientations_iPad = "UIInterfaceOrientationPortrait UIInterfaceOrientationPortraitUpsideDown UIInterfaceOrientationLandscapeLeft UIInterfaceOrientationLandscapeRight";
				INFOPLIST_KEY_UISupportedInterfaceOrientations_iPhone = "UIInterfaceOrientationPortrait UIInterfaceOrientationLandscapeLeft UIInterfaceOrientationLandscapeRight";
				LD_RUNPATH_SEARCH_PATHS = (
					"$(inherited)",
					"@executable_path/Frameworks",
				);
				MARKETING_VERSION = 1.0;
				PRODUCT_BUNDLE_IDENTIFIER = max.facebookApp;
				PRODUCT_NAME = "$(TARGET_NAME)";
				SWIFT_EMIT_LOC_STRINGS = YES;
				SWIFT_VERSION = 5.0;
				TARGETED_DEVICE_FAMILY = "1,2";
			};
			name = Release;
		};
/* End XCBuildConfiguration section */

/* Begin XCConfigurationList section */
		BEC432672B6C181100696D7C /* Build configuration list for PBXProject "facebookApp" */ = {
			isa = XCConfigurationList;
			buildConfigurations = (
				BEC432782B6C181300696D7C /* Debug */,
				BEC432792B6C181300696D7C /* Release */,
			);
			defaultConfigurationIsVisible = 0;
			defaultConfigurationName = Release;
		};
		BEC4327A2B6C181300696D7C /* Build configuration list for PBXNativeTarget "facebookApp" */ = {
			isa = XCConfigurationList;
			buildConfigurations = (
				BEC4327B2B6C181300696D7C /* Debug */,
				BEC4327C2B6C181300696D7C /* Release */,
			);
			defaultConfigurationIsVisible = 0;
			defaultConfigurationName = Release;
		};
/* End XCConfigurationList section */
	};
	rootObject = BEC432642B6C181100696D7C /* Project object */;
}
